
Microsoft Visual Studio Solution File, Format Version 12.00
# Visual Studio 15
VisualStudioVersion = 15.0.27004.2009
MinimumVisualStudioVersion = 10.0.40219.1
Project("{8BC9CEB8-8B4A-11D0-8D11-00A0C91BC942}") = "SoldanFrantisek", "SoldanFrantisek\SoldanFrantisek.vcxproj", "{AE1B6F66-A342-4440-8788-B123F32C72F9}"
EndProject
Global
	GlobalSection(SolutionConfigurationPlatforms) = preSolution
		Debug|x64 = Debug|x64
		Debug|x86 = Debug|x86
		Release|x64 = Release|x64
		Release|x86 = Release|x86
	EndGlobalSection
	GlobalSection(ProjectConfigurationPlatforms) = postSolution
		{AE1B6F66-A342-4440-8788-B123F32C72F9}.Debug|x64.ActiveCfg = Debug|x64
		{AE1B6F66-A342-4440-8788-B123F32C72F9}.Debug|x64.Build.0 = Debug|x64
		{AE1B6F66-A342-4440-8788-B123F32C72F9}.Debug|x86.ActiveCfg = Debug|Win32
		{AE1B6F66-A342-4440-8788-B123F32C72F9}.Debug|x86.Build.0 = Debug|Win32
		{AE1B6F66-A342-4440-8788-B123F32C72F9}.Release|x64.ActiveCfg = Release|x64
		{AE1B6F66-A342-4440-8788-B123F32C72F9}.Release|x64.Build.0 = Release|x64
		{AE1B6F66-A342-4440-8788-B123F32C72F9}.Release|x86.ActiveCfg = Release|Win32
		{AE1B6F66-A342-4440-8788-B123F32C72F9}.Release|x86.Build.0 = Release|Win32
	EndGlobalSection
	GlobalSection(SolutionProperties) = preSolution
		HideSolutionNode = FALSE
	EndGlobalSection
	GlobalSection(ExtensibilityGlobals) = postSolution
		SolutionGuid = {004E0EB9-2321-4B09-A984-3A3B9A8AC257}
	EndGlobalSection
EndGlobal
